
Microsoft Visual Studio Solution File, Format Version 12.00
# Visual Studio Version 16
VisualStudioVersion = 16.0.30320.27
MinimumVisualStudioVersion = 10.0.40219.1
Project("{9A19103F-16F7-4668-BE54-9A1E7A4F7556}") = "Endjin.ApiChange", "Endjin.ApiChange\Endjin.ApiChange.csproj", "{08AE77B7-78C1-4547-9674-CC00A4F15633}"
EndProject
Global
	GlobalSection(SolutionConfigurationPlatforms) = preSolution
		Debug|Any CPU = Debug|Any CPU
		Release|Any CPU = Release|Any CPU
	EndGlobalSection
	GlobalSection(ProjectConfigurationPlatforms) = postSolution
		{08AE77B7-78C1-4547-9674-CC00A4F15633}.Debug|Any CPU.ActiveCfg = Debug|Any CPU
		{08AE77B7-78C1-4547-9674-CC00A4F15633}.Debug|Any CPU.Build.0 = Debug|Any CPU
		{08AE77B7-78C1-4547-9674-CC00A4F15633}.Release|Any CPU.ActiveCfg = Release|Any CPU
		{08AE77B7-78C1-4547-9674-CC00A4F15633}.Release|Any CPU.Build.0 = Release|Any CPU
	EndGlobalSection
	GlobalSection(SolutionProperties) = preSolution
		HideSolutionNode = FALSE
	EndGlobalSection
	GlobalSection(ExtensibilityGlobals) = postSolution
		SolutionGuid = {6CEB8A21-5607-4881-94B5-8C6CB138922D}
	EndGlobalSection
EndGlobal
